
Microsoft Visual Studio Solution File, Format Version 12.00
# Visual Studio Version 17
VisualStudioVersion = 17.11.35208.52
MinimumVisualStudioVersion = 10.0.40219.1
Project("{FAE04EC0-301F-11D3-BF4B-00C04F79EFBC}") = "Week4_prac", "Week4_prac\Week4_prac.csproj", "{882B0CBE-1576-47AF-BDAD-4F8CE8A424C4}"
EndProject
Project("{FAE04EC0-301F-11D3-BF4B-00C04F79EFBC}") = "MyCalculatorTests", "MyCalculatorTests\MyCalculatorTests.csproj", "{3D83700D-6598-4AD7-B979-A014F568CD60}"
EndProject
Global
	GlobalSection(SolutionConfigurationPlatforms) = preSolution
		Debug|Any CPU = Debug|Any CPU
		Release|Any CPU = Release|Any CPU
	EndGlobalSection
	GlobalSection(ProjectConfigurationPlatforms) = postSolution
		{882B0CBE-1576-47AF-BDAD-4F8CE8A424C4}.Debug|Any CPU.ActiveCfg = Debug|Any CPU
		{882B0CBE-1576-47AF-BDAD-4F8CE8A424C4}.Debug|Any CPU.Build.0 = Debug|Any CPU
		{882B0CBE-1576-47AF-BDAD-4F8CE8A424C4}.Release|Any CPU.ActiveCfg = Release|Any CPU
		{882B0CBE-1576-47AF-BDAD-4F8CE8A424C4}.Release|Any CPU.Build.0 = Release|Any CPU
		{3D83700D-6598-4AD7-B979-A014F568CD60}.Debug|Any CPU.ActiveCfg = Debug|Any CPU
		{3D83700D-6598-4AD7-B979-A014F568CD60}.Debug|Any CPU.Build.0 = Debug|Any CPU
		{3D83700D-6598-4AD7-B979-A014F568CD60}.Release|Any CPU.ActiveCfg = Release|Any CPU
		{3D83700D-6598-4AD7-B979-A014F568CD60}.Release|Any CPU.Build.0 = Release|Any CPU
	EndGlobalSection
	GlobalSection(SolutionProperties) = preSolution
		HideSolutionNode = FALSE
	EndGlobalSection
	GlobalSection(ExtensibilityGlobals) = postSolution
		SolutionGuid = {04A52FD1-35B2-4365-84B5-4AC66C724A43}
	EndGlobalSection
EndGlobal
